
Microsoft Visual Studio Solution File, Format Version 12.00
# Visual Studio Version 17
VisualStudioVersion = 17.11.35303.130
MinimumVisualStudioVersion = 10.0.40219.1
Project("{2150E333-8FDC-42A3-9474-1A3956D46DE8}") = "Task0", "Task0", "{C5E6FE73-AE81-42AA-86E0-48DE3D96D5E4}"
EndProject
Project("{9A19103F-16F7-4668-BE54-9A1E7A4F7556}") = "Tyuiu.AbramushkinAN.Sprint3.Task0.V8", "Tyuiu.AbramushkinAN.Sprint3.Task0.V8\Tyuiu.AbramushkinAN.Sprint3.Task0.V8.csproj", "{8DFB52F4-7B52-4B25-8A92-3A4C955BF9E1}"
EndProject
Project("{9A19103F-16F7-4668-BE54-9A1E7A4F7556}") = "Tyuiu.AbramushkinAN.Sprint3.Task0.V8.Test", "Tyuiu.AbramushkinAN.Sprint3.Task0.V8.Test\Tyuiu.AbramushkinAN.Sprint3.Task0.V8.Test.csproj", "{AD01BB09-FC5A-45C6-9F7F-132E35012241}"
EndProject
Project("{9A19103F-16F7-4668-BE54-9A1E7A4F7556}") = "Tyuiu.AbramushkinAN.Sprint3.Task0.V8.Lib", "Tyuiu.AbramushkinAN.Sprint3.Task0.V8.Lib\Tyuiu.AbramushkinAN.Sprint3.Task0.V8.Lib.csproj", "{784BCE57-C2F3-4C48-856E-03DEF2581EF9}"
EndProject
Project("{2150E333-8FDC-42A3-9474-1A3956D46DE8}") = "Task1", "Task1", "{A967FE4D-79F8-4C7B-A323-840EB65DA3BA}"
EndProject
Project("{9A19103F-16F7-4668-BE54-9A1E7A4F7556}") = "Tyuiu.AbramushkinAN.Sprint3.Task1.V6", "Tyuiu.AbramushkinAN.Sprint3.Task1.V6\Tyuiu.AbramushkinAN.Sprint3.Task1.V6.csproj", "{F7C0C087-381E-4589-8873-DE76EA30EC52}"
EndProject
Project("{9A19103F-16F7-4668-BE54-9A1E7A4F7556}") = "Tyuiu.AbramushkinAN.Sprint3.Task1.V6.Lib", "Tyuiu.AbramushkinAN.Sprint3.Task1.V6.Lib\Tyuiu.AbramushkinAN.Sprint3.Task1.V6.Lib.csproj", "{787A7D0C-5996-43F8-884D-728AA64D9548}"
EndProject
Project("{9A19103F-16F7-4668-BE54-9A1E7A4F7556}") = "Tyuiu.AbramushkinAN.Sprint3.Task1.V6.Test", "Tyuiu.AbramushkinAN.Sprint3.Task1.V6.Test\Tyuiu.AbramushkinAN.Sprint3.Task1.V6.Test.csproj", "{5D6985E8-EEFC-4D4E-8178-386C210A9C54}"
EndProject
Project("{2150E333-8FDC-42A3-9474-1A3956D46DE8}") = "Task2", "Task2", "{73F6F27A-DBA0-48DD-8D70-31F2E8274D13}"
EndProject
Project("{9A19103F-16F7-4668-BE54-9A1E7A4F7556}") = "Tyuiu.AbramushkinAN.Sprint3.Task2.V26", "Tyuiu.AbramushkinAN.Sprint3.Task2.V26\Tyuiu.AbramushkinAN.Sprint3.Task2.V26.csproj", "{619C0879-2284-4EA6-AB92-EA565FE38219}"
EndProject
Project("{9A19103F-16F7-4668-BE54-9A1E7A4F7556}") = "Tyuiu.AbramushkinAN.Sprint3.Task2.V26.Lib", "Tyuiu.AbramushkinAN.Sprint3.Task2.V26.Lib\Tyuiu.AbramushkinAN.Sprint3.Task2.V26.Lib.csproj", "{EB45814D-0D19-40F7-A388-0459A0194C7B}"
EndProject
Project("{9A19103F-16F7-4668-BE54-9A1E7A4F7556}") = "Tyuiu.AbramushkinAN.Sprint3.Task2.V26.Test", "Tyuiu.AbramushkinAN.Sprint3.Task2.V26.Test\Tyuiu.AbramushkinAN.Sprint3.Task2.V26.Test.csproj", "{48250364-AD6C-4040-9D80-522B858CD536}"
EndProject
Project("{2150E333-8FDC-42A3-9474-1A3956D46DE8}") = "Task3", "Task3", "{47D7DEA5-90E1-4F5C-ADB4-406ADAA67E6E}"
EndProject
Project("{9A19103F-16F7-4668-BE54-9A1E7A4F7556}") = "Tyuiu.AbramushkinAN.Sprint3.Task3.V25", "Tyuiu.AbramushkinAN.Sprint3.Task3.V25\Tyuiu.AbramushkinAN.Sprint3.Task3.V25.csproj", "{2CEC827D-3350-40C4-8F2C-487A7974FAF9}"
EndProject
Project("{9A19103F-16F7-4668-BE54-9A1E7A4F7556}") = "Tyuiu.AbramushkinAN.Sprint3.Task3.V25.Test", "Tyuiu.AbramushkinAN.Sprint3.Task3.V25.Test\Tyuiu.AbramushkinAN.Sprint3.Task3.V25.Test.csproj", "{31242F75-2610-4E88-98E5-D246DD360101}"
EndProject
Project("{9A19103F-16F7-4668-BE54-9A1E7A4F7556}") = "Tyuiu.AbramushkinAN.Sprint3.Task3.V25.Lib", "Tyuiu.AbramushkinAN.Sprint3.Task3.V25.Lib\Tyuiu.AbramushkinAN.Sprint3.Task3.V25.Lib.csproj", "{9A6AAABC-9F2C-47D2-9D96-E08430C0CEC8}"
EndProject
Project("{2150E333-8FDC-42A3-9474-1A3956D46DE8}") = "Task4", "Task4", "{F77E97CD-BC46-4974-BDF8-8F6ED8C63231}"
EndProject
Project("{9A19103F-16F7-4668-BE54-9A1E7A4F7556}") = "Tyuiu.AbramushkinAN.Sprint3.Task4.V7", "Tyuiu.AbramushkinAN.Sprint3.Task4.V7\Tyuiu.AbramushkinAN.Sprint3.Task4.V7.csproj", "{487BFB1D-EC74-424E-8A9F-319E3A84AE50}"
EndProject
Project("{9A19103F-16F7-4668-BE54-9A1E7A4F7556}") = "Tyuiu.AbramushkinAN.Sprint3.Task4.V7.Lib", "Tyuiu.AbramushkinAN.Sprint3.Task4.V7.Lib\Tyuiu.AbramushkinAN.Sprint3.Task4.V7.Lib.csproj", "{09F58F62-8214-42EA-8206-60278C47E9A8}"
EndProject
Project("{9A19103F-16F7-4668-BE54-9A1E7A4F7556}") = "Tyuiu.AbramushkinAN.Sprint3.Task4.V7.Test", "Tyuiu.AbramushkinAN.Sprint3.Task4.V7.Test\Tyuiu.AbramushkinAN.Sprint3.Task4.V7.Test.csproj", "{7F1A0612-E278-45F1-8BC1-A3E360867B36}"
EndProject
Project("{2150E333-8FDC-42A3-9474-1A3956D46DE8}") = "Task5", "Task5", "{44637A78-1E2B-4EA2-BAC3-0F8D08F0B1F5}"
EndProject
Project("{9A19103F-16F7-4668-BE54-9A1E7A4F7556}") = "Tyuiu.AbramushkinAN.Sprint3.Task5.V6", "Tyuiu.AbramushkinAN.Sprint3.Task5.V6\Tyuiu.AbramushkinAN.Sprint3.Task5.V6.csproj", "{C64C89AF-B868-4846-8364-05AA8C3CF3D1}"
EndProject
Project("{9A19103F-16F7-4668-BE54-9A1E7A4F7556}") = "Tyuiu.AbramushkinAN.Sprint3.Task5.V6.Lib", "Tyuiu.AbramushkinAN.Sprint3.Task5.V6.Lib\Tyuiu.AbramushkinAN.Sprint3.Task5.V6.Lib.csproj", "{7D0D53D5-3689-4D71-88C8-19ABDC74E75B}"
EndProject
Project("{9A19103F-16F7-4668-BE54-9A1E7A4F7556}") = "Tyuiu.AbramushkinAN.Sprint3.Task5.V6.Test", "Tyuiu.AbramushkinAN.Sprint3.Task5.V6.Test\Tyuiu.AbramushkinAN.Sprint3.Task5.V6.Test.csproj", "{49B3840D-0903-488C-A450-F66AF800FEF7}"
EndProject
Project("{2150E333-8FDC-42A3-9474-1A3956D46DE8}") = "Task6", "Task6", "{D6B1E792-4706-42B3-B3A6-CC602DFE5244}"
EndProject
Project("{9A19103F-16F7-4668-BE54-9A1E7A4F7556}") = "Tyuiu.AbramushkinAN.Sprint3.Task6.V25", "Tyuiu.AbramushkinAN.Sprint3.Task6.V25\Tyuiu.AbramushkinAN.Sprint3.Task6.V25.csproj", "{7B5E93AB-D701-4E08-B2EC-FAAEDFAD1925}"
EndProject
Project("{9A19103F-16F7-4668-BE54-9A1E7A4F7556}") = "Tyuiu.AbramushkinAN.Sprint3.Task6.V25.Test", "Tyuiu.AbramushkinAN.Sprint3.Task6.V25.Test\Tyuiu.AbramushkinAN.Sprint3.Task6.V25.Test.csproj", "{8E5974CF-E22E-4B15-A028-C4759C138281}"
EndProject
Project("{9A19103F-16F7-4668-BE54-9A1E7A4F7556}") = "Tyuiu.AbramushkinAN.Sprint3.Task6.V25.Lib", "Tyuiu.AbramushkinAN.Sprint3.Task6.V25.Lib\Tyuiu.AbramushkinAN.Sprint3.Task6.V25.Lib.csproj", "{855DEFEF-0E64-4173-8833-402E93BCD5D6}"
EndProject
Project("{2150E333-8FDC-42A3-9474-1A3956D46DE8}") = "Task7", "Task7", "{2D3CBC83-2EE0-4BF0-B00C-C8C41C391F30}"
EndProject
Project("{FAE04EC0-301F-11D3-BF4B-00C04F79EFBC}") = "Tyuiu.AbramushkinAN.Sprint3.Task7.V13", "Tyuiu.AbramushkinAN.Sprint3.Task7.V13\Tyuiu.AbramushkinAN.Sprint3.Task7.V13.csproj", "{07BEBB6B-53BE-415A-BAD8-A50E0954AA2F}"
EndProject
Project("{FAE04EC0-301F-11D3-BF4B-00C04F79EFBC}") = "Tyuiu.AbramushkinAN.Sprint3.Task7.V13.Lib", "Tyuiu.AbramushkinAN.Sprint3.Task7.V13.Lib\Tyuiu.AbramushkinAN.Sprint3.Task7.V13.Lib.csproj", "{808335AC-460C-4DC5-8EAC-E5741E31B01C}"
EndProject
Project("{FAE04EC0-301F-11D3-BF4B-00C04F79EFBC}") = "Tyuiu.AbramushkinAN.Sprint3.Task7.V13.Test", "Tyuiu.AbramushkinAN.Sprint3.Task7.V13.Test\Tyuiu.AbramushkinAN.Sprint3.Task7.V13.Test.csproj", "{27E96BC3-F883-4AA9-9135-D1A865321594}"
EndProject
Global
	GlobalSection(SolutionConfigurationPlatforms) = preSolution
		Debug|Any CPU = Debug|Any CPU
		Release|Any CPU = Release|Any CPU
	EndGlobalSection
	GlobalSection(ProjectConfigurationPlatforms) = postSolution
		{8DFB52F4-7B52-4B25-8A92-3A4C955BF9E1}.Debug|Any CPU.ActiveCfg = Debug|Any CPU
		{8DFB52F4-7B52-4B25-8A92-3A4C955BF9E1}.Debug|Any CPU.Build.0 = Debug|Any CPU
		{8DFB52F4-7B52-4B25-8A92-3A4C955BF9E1}.Release|Any CPU.ActiveCfg = Release|Any CPU
		{8DFB52F4-7B52-4B25-8A92-3A4C955BF9E1}.Release|Any CPU.Build.0 = Release|Any CPU
		{AD01BB09-FC5A-45C6-9F7F-132E35012241}.Debug|Any CPU.ActiveCfg = Debug|Any CPU
		{AD01BB09-FC5A-45C6-9F7F-132E35012241}.Debug|Any CPU.Build.0 = Debug|Any CPU
		{AD01BB09-FC5A-45C6-9F7F-132E35012241}.Release|Any CPU.ActiveCfg = Release|Any CPU
		{AD01BB09-FC5A-45C6-9F7F-132E35012241}.Release|Any CPU.Build.0 = Release|Any CPU
		{784BCE57-C2F3-4C48-856E-03DEF2581EF9}.Debug|Any CPU.ActiveCfg = Debug|Any CPU
		{784BCE57-C2F3-4C48-856E-03DEF2581EF9}.Debug|Any CPU.Build.0 = Debug|Any CPU
		{784BCE57-C2F3-4C48-856E-03DEF2581EF9}.Release|Any CPU.ActiveCfg = Release|Any CPU
		{784BCE57-C2F3-4C48-856E-03DEF2581EF9}.Release|Any CPU.Build.0 = Release|Any CPU
		{F7C0C087-381E-4589-8873-DE76EA30EC52}.Debug|Any CPU.ActiveCfg = Debug|Any CPU
		{F7C0C087-381E-4589-8873-DE76EA30EC52}.Debug|Any CPU.Build.0 = Debug|Any CPU
		{F7C0C087-381E-4589-8873-DE76EA30EC52}.Release|Any CPU.ActiveCfg = Release|Any CPU
		{F7C0C087-381E-4589-8873-DE76EA30EC52}.Release|Any CPU.Build.0 = Release|Any CPU
		{787A7D0C-5996-43F8-884D-728AA64D9548}.Debug|Any CPU.ActiveCfg = Debug|Any CPU
		{787A7D0C-5996-43F8-884D-728AA64D9548}.Debug|Any CPU.Build.0 = Debug|Any CPU
		{787A7D0C-5996-43F8-884D-728AA64D9548}.Release|Any CPU.ActiveCfg = Release|Any CPU
		{787A7D0C-5996-43F8-884D-728AA64D9548}.Release|Any CPU.Build.0 = Release|Any CPU
		{5D6985E8-EEFC-4D4E-8178-386C210A9C54}.Debug|Any CPU.ActiveCfg = Debug|Any CPU
		{5D6985E8-EEFC-4D4E-8178-386C210A9C54}.Debug|Any CPU.Build.0 = Debug|Any CPU
		{5D6985E8-EEFC-4D4E-8178-386C210A9C54}.Release|Any CPU.ActiveCfg = Release|Any CPU
		{5D6985E8-EEFC-4D4E-8178-386C210A9C54}.Release|Any CPU.Build.0 = Release|Any CPU
		{619C0879-2284-4EA6-AB92-EA565FE38219}.Debug|Any CPU.ActiveCfg = Debug|Any CPU
		{619C0879-2284-4EA6-AB92-EA565FE38219}.Debug|Any CPU.Build.0 = Debug|Any CPU
		{619C0879-2284-4EA6-AB92-EA565FE38219}.Release|Any CPU.ActiveCfg = Release|Any CPU
		{619C0879-2284-4EA6-AB92-EA565FE38219}.Release|Any CPU.Build.0 = Release|Any CPU
		{EB45814D-0D19-40F7-A388-0459A0194C7B}.Debug|Any CPU.ActiveCfg = Debug|Any CPU
		{EB45814D-0D19-40F7-A388-0459A0194C7B}.Debug|Any CPU.Build.0 = Debug|Any CPU
		{EB45814D-0D19-40F7-A388-0459A0194C7B}.Release|Any CPU.ActiveCfg = Release|Any CPU
		{EB45814D-0D19-40F7-A388-0459A0194C7B}.Release|Any CPU.Build.0 = Release|Any CPU
		{48250364-AD6C-4040-9D80-522B858CD536}.Debug|Any CPU.ActiveCfg = Debug|Any CPU
		{48250364-AD6C-4040-9D80-522B858CD536}.Debug|Any CPU.Build.0 = Debug|Any CPU
		{48250364-AD6C-4040-9D80-522B858CD536}.Release|Any CPU.ActiveCfg = Release|Any CPU
		{48250364-AD6C-4040-9D80-522B858CD536}.Release|Any CPU.Build.0 = Release|Any CPU
		{2CEC827D-3350-40C4-8F2C-487A7974FAF9}.Debug|Any CPU.ActiveCfg = Debug|Any CPU
		{2CEC827D-3350-40C4-8F2C-487A7974FAF9}.Debug|Any CPU.Build.0 = Debug|Any CPU
		{2CEC827D-3350-40C4-8F2C-487A7974FAF9}.Release|Any CPU.ActiveCfg = Release|Any CPU
		{2CEC827D-3350-40C4-8F2C-487A7974FAF9}.Release|Any CPU.Build.0 = Release|Any CPU
		{31242F75-2610-4E88-98E5-D246DD360101}.Debug|Any CPU.ActiveCfg = Debug|Any CPU
		{31242F75-2610-4E88-98E5-D246DD360101}.Debug|Any CPU.Build.0 = Debug|Any CPU
		{31242F75-2610-4E88-98E5-D246DD360101}.Release|Any CPU.ActiveCfg = Release|Any CPU
		{31242F75-2610-4E88-98E5-D246DD360101}.Release|Any CPU.Build.0 = Release|Any CPU
		{9A6AAABC-9F2C-47D2-9D96-E08430C0CEC8}.Debug|Any CPU.ActiveCfg = Debug|Any CPU
		{9A6AAABC-9F2C-47D2-9D96-E08430C0CEC8}.Debug|Any CPU.Build.0 = Debug|Any CPU
		{9A6AAABC-9F2C-47D2-9D96-E08430C0CEC8}.Release|Any CPU.ActiveCfg = Release|Any CPU
		{9A6AAABC-9F2C-47D2-9D96-E08430C0CEC8}.Release|Any CPU.Build.0 = Release|Any CPU
		{487BFB1D-EC74-424E-8A9F-319E3A84AE50}.Debug|Any CPU.ActiveCfg = Debug|Any CPU
		{487BFB1D-EC74-424E-8A9F-319E3A84AE50}.Debug|Any CPU.Build.0 = Debug|Any CPU
		{487BFB1D-EC74-424E-8A9F-319E3A84AE50}.Release|Any CPU.ActiveCfg = Release|Any CPU
		{487BFB1D-EC74-424E-8A9F-319E3A84AE50}.Release|Any CPU.Build.0 = Release|Any CPU
		{09F58F62-8214-42EA-8206-60278C47E9A8}.Debug|Any CPU.ActiveCfg = Debug|Any CPU
		{09F58F62-8214-42EA-8206-60278C47E9A8}.Debug|Any CPU.Build.0 = Debug|Any CPU
		{09F58F62-8214-42EA-8206-60278C47E9A8}.Release|Any CPU.ActiveCfg = Release|Any CPU
		{09F58F62-8214-42EA-8206-60278C47E9A8}.Release|Any CPU.Build.0 = Release|Any CPU
		{7F1A0612-E278-45F1-8BC1-A3E360867B36}.Debug|Any CPU.ActiveCfg = Debug|Any CPU
		{7F1A0612-E278-45F1-8BC1-A3E360867B36}.Debug|Any CPU.Build.0 = Debug|Any CPU
		{7F1A0612-E278-45F1-8BC1-A3E360867B36}.Release|Any CPU.ActiveCfg = Release|Any CPU
		{7F1A0612-E278-45F1-8BC1-A3E360867B36}.Release|Any CPU.Build.0 = Release|Any CPU
		{C64C89AF-B868-4846-8364-05AA8C3CF3D1}.Debug|Any CPU.ActiveCfg = Debug|Any CPU
		{C64C89AF-B868-4846-8364-05AA8C3CF3D1}.Debug|Any CPU.Build.0 = Debug|Any CPU
		{C64C89AF-B868-4846-8364-05AA8C3CF3D1}.Release|Any CPU.ActiveCfg = Release|Any CPU
		{C64C89AF-B868-4846-8364-05AA8C3CF3D1}.Release|Any CPU.Build.0 = Release|Any CPU
		{7D0D53D5-3689-4D71-88C8-19ABDC74E75B}.Debug|Any CPU.ActiveCfg = Debug|Any CPU
		{7D0D53D5-3689-4D71-88C8-19ABDC74E75B}.Debug|Any CPU.Build.0 = Debug|Any CPU
		{7D0D53D5-3689-4D71-88C8-19ABDC74E75B}.Release|Any CPU.ActiveCfg = Release|Any CPU
		{7D0D53D5-3689-4D71-88C8-19ABDC74E75B}.Release|Any CPU.Build.0 = Release|Any CPU
		{49B3840D-0903-488C-A450-F66AF800FEF7}.Debug|Any CPU.ActiveCfg = Debug|Any CPU
		{49B3840D-0903-488C-A450-F66AF800FEF7}.Debug|Any CPU.Build.0 = Debug|Any CPU
		{49B3840D-0903-488C-A450-F66AF800FEF7}.Release|Any CPU.ActiveCfg = Release|Any CPU
		{49B3840D-0903-488C-A450-F66AF800FEF7}.Release|Any CPU.Build.0 = Release|Any CPU
		{7B5E93AB-D701-4E08-B2EC-FAAEDFAD1925}.Debug|Any CPU.ActiveCfg = Debug|Any CPU
		{7B5E93AB-D701-4E08-B2EC-FAAEDFAD1925}.Debug|Any CPU.Build.0 = Debug|Any CPU
		{7B5E93AB-D701-4E08-B2EC-FAAEDFAD1925}.Release|Any CPU.ActiveCfg = Release|Any CPU
		{7B5E93AB-D701-4E08-B2EC-FAAEDFAD1925}.Release|Any CPU.Build.0 = Release|Any CPU
		{8E5974CF-E22E-4B15-A028-C4759C138281}.Debug|Any CPU.ActiveCfg = Debug|Any CPU
		{8E5974CF-E22E-4B15-A028-C4759C138281}.Debug|Any CPU.Build.0 = Debug|Any CPU
		{8E5974CF-E22E-4B15-A028-C4759C138281}.Release|Any CPU.ActiveCfg = Release|Any CPU
		{8E5974CF-E22E-4B15-A028-C4759C138281}.Release|Any CPU.Build.0 = Release|Any CPU
		{855DEFEF-0E64-4173-8833-402E93BCD5D6}.Debug|Any CPU.ActiveCfg = Debug|Any CPU
		{855DEFEF-0E64-4173-8833-402E93BCD5D6}.Debug|Any CPU.Build.0 = Debug|Any CPU
		{855DEFEF-0E64-4173-8833-402E93BCD5D6}.Release|Any CPU.ActiveCfg = Release|Any CPU
		{855DEFEF-0E64-4173-8833-402E93BCD5D6}.Release|Any CPU.Build.0 = Release|Any CPU
		{07BEBB6B-53BE-415A-BAD8-A50E0954AA2F}.Debug|Any CPU.ActiveCfg = Debug|Any CPU
		{07BEBB6B-53BE-415A-BAD8-A50E0954AA2F}.Debug|Any CPU.Build.0 = Debug|Any CPU
		{07BEBB6B-53BE-415A-BAD8-A50E0954AA2F}.Release|Any CPU.ActiveCfg = Release|Any CPU
		{07BEBB6B-53BE-415A-BAD8-A50E0954AA2F}.Release|Any CPU.Build.0 = Release|Any CPU
		{808335AC-460C-4DC5-8EAC-E5741E31B01C}.Debug|Any CPU.ActiveCfg = Debug|Any CPU
		{808335AC-460C-4DC5-8EAC-E5741E31B01C}.Debug|Any CPU.Build.0 = Debug|Any CPU
		{808335AC-460C-4DC5-8EAC-E5741E31B01C}.Release|Any CPU.ActiveCfg = Release|Any CPU
		{808335AC-460C-4DC5-8EAC-E5741E31B01C}.Release|Any CPU.Build.0 = Release|Any CPU
		{27E96BC3-F883-4AA9-9135-D1A865321594}.Debug|Any CPU.ActiveCfg = Debug|Any CPU
		{27E96BC3-F883-4AA9-9135-D1A865321594}.Debug|Any CPU.Build.0 = Debug|Any CPU
		{27E96BC3-F883-4AA9-9135-D1A865321594}.Release|Any CPU.ActiveCfg = Release|Any CPU
		{27E96BC3-F883-4AA9-9135-D1A865321594}.Release|Any CPU.Build.0 = Release|Any CPU
	EndGlobalSection
	GlobalSection(SolutionProperties) = preSolution
		HideSolutionNode = FALSE
	EndGlobalSection
	GlobalSection(NestedProjects) = preSolution
		{8DFB52F4-7B52-4B25-8A92-3A4C955BF9E1} = {C5E6FE73-AE81-42AA-86E0-48DE3D96D5E4}
		{AD01BB09-FC5A-45C6-9F7F-132E35012241} = {C5E6FE73-AE81-42AA-86E0-48DE3D96D5E4}
		{784BCE57-C2F3-4C48-856E-03DEF2581EF9} = {C5E6FE73-AE81-42AA-86E0-48DE3D96D5E4}
		{F7C0C087-381E-4589-8873-DE76EA30EC52} = {A967FE4D-79F8-4C7B-A323-840EB65DA3BA}
		{787A7D0C-5996-43F8-884D-728AA64D9548} = {A967FE4D-79F8-4C7B-A323-840EB65DA3BA}
		{5D6985E8-EEFC-4D4E-8178-386C210A9C54} = {A967FE4D-79F8-4C7B-A323-840EB65DA3BA}
		{619C0879-2284-4EA6-AB92-EA565FE38219} = {73F6F27A-DBA0-48DD-8D70-31F2E8274D13}
		{EB45814D-0D19-40F7-A388-0459A0194C7B} = {73F6F27A-DBA0-48DD-8D70-31F2E8274D13}
		{48250364-AD6C-4040-9D80-522B858CD536} = {73F6F27A-DBA0-48DD-8D70-31F2E8274D13}
		{2CEC827D-3350-40C4-8F2C-487A7974FAF9} = {47D7DEA5-90E1-4F5C-ADB4-406ADAA67E6E}
		{31242F75-2610-4E88-98E5-D246DD360101} = {47D7DEA5-90E1-4F5C-ADB4-406ADAA67E6E}
		{9A6AAABC-9F2C-47D2-9D96-E08430C0CEC8} = {47D7DEA5-90E1-4F5C-ADB4-406ADAA67E6E}
		{487BFB1D-EC74-424E-8A9F-319E3A84AE50} = {F77E97CD-BC46-4974-BDF8-8F6ED8C63231}
		{09F58F62-8214-42EA-8206-60278C47E9A8} = {F77E97CD-BC46-4974-BDF8-8F6ED8C63231}
		{7F1A0612-E278-45F1-8BC1-A3E360867B36} = {F77E97CD-BC46-4974-BDF8-8F6ED8C63231}
		{C64C89AF-B868-4846-8364-05AA8C3CF3D1} = {44637A78-1E2B-4EA2-BAC3-0F8D08F0B1F5}
		{7D0D53D5-3689-4D71-88C8-19ABDC74E75B} = {44637A78-1E2B-4EA2-BAC3-0F8D08F0B1F5}
		{49B3840D-0903-488C-A450-F66AF800FEF7} = {44637A78-1E2B-4EA2-BAC3-0F8D08F0B1F5}
		{7B5E93AB-D701-4E08-B2EC-FAAEDFAD1925} = {D6B1E792-4706-42B3-B3A6-CC602DFE5244}
		{8E5974CF-E22E-4B15-A028-C4759C138281} = {D6B1E792-4706-42B3-B3A6-CC602DFE5244}
		{855DEFEF-0E64-4173-8833-402E93BCD5D6} = {D6B1E792-4706-42B3-B3A6-CC602DFE5244}
		{07BEBB6B-53BE-415A-BAD8-A50E0954AA2F} = {2D3CBC83-2EE0-4BF0-B00C-C8C41C391F30}
		{808335AC-460C-4DC5-8EAC-E5741E31B01C} = {2D3CBC83-2EE0-4BF0-B00C-C8C41C391F30}
		{27E96BC3-F883-4AA9-9135-D1A865321594} = {2D3CBC83-2EE0-4BF0-B00C-C8C41C391F30}
	EndGlobalSection
	GlobalSection(ExtensibilityGlobals) = postSolution
		SolutionGuid = {FA04163E-14BC-44E1-A290-289FC52F1801}
	EndGlobalSection
EndGlobal
